
Microsoft Visual Studio Solution File, Format Version 12.00
Project("{FAE04EC0-301F-11D3-BF4B-00C04F79EFBC}") = "BrainfuckInterpreter", "BrainfuckInterpreter\BrainfuckInterpreter.csproj", "{618C3A46-5902-4E9E-A0C5-A20DE2C74B27}"
EndProject
Project("{FAE04EC0-301F-11D3-BF4B-00C04F79EFBC}") = "Brainfuck", "Brainfuck\Brainfuck.csproj", "{74BFCCE9-AA65-4E0A-831E-F7528D6837DD}"
EndProject
Global
	GlobalSection(SolutionConfigurationPlatforms) = preSolution
		Debug|Any CPU = Debug|Any CPU
		Release|Any CPU = Release|Any CPU
	EndGlobalSection
	GlobalSection(ProjectConfigurationPlatforms) = postSolution
		{618C3A46-5902-4E9E-A0C5-A20DE2C74B27}.Debug|Any CPU.ActiveCfg = Debug|Any CPU
		{618C3A46-5902-4E9E-A0C5-A20DE2C74B27}.Debug|Any CPU.Build.0 = Debug|Any CPU
		{618C3A46-5902-4E9E-A0C5-A20DE2C74B27}.Release|Any CPU.ActiveCfg = Release|Any CPU
		{618C3A46-5902-4E9E-A0C5-A20DE2C74B27}.Release|Any CPU.Build.0 = Release|Any CPU
		{74BFCCE9-AA65-4E0A-831E-F7528D6837DD}.Debug|Any CPU.ActiveCfg = Debug|Any CPU
		{74BFCCE9-AA65-4E0A-831E-F7528D6837DD}.Debug|Any CPU.Build.0 = Debug|Any CPU
		{74BFCCE9-AA65-4E0A-831E-F7528D6837DD}.Release|Any CPU.ActiveCfg = Release|Any CPU
		{74BFCCE9-AA65-4E0A-831E-F7528D6837DD}.Release|Any CPU.Build.0 = Release|Any CPU
	EndGlobalSection
EndGlobal
